
Microsoft Visual Studio Solution File, Format Version 12.00
# Visual Studio Version 17
VisualStudioVersion = 17.5.33530.505
MinimumVisualStudioVersion = 10.0.40219.1
Project("{2150E333-8FDC-42A3-9474-1A3956D46DE8}") = "Core", "Core", "{3D3DD815-E012-40EB-A0F3-0054615B317F}"
EndProject
Project("{FAE04EC0-301F-11D3-BF4B-00C04F79EFBC}") = "CarBook.Domanin", "Core\CarBook.Domanin\CarBook.Domanin.csproj", "{C721009D-13AE-4C63-9EFD-8699E7923647}"
EndProject
Project("{FAE04EC0-301F-11D3-BF4B-00C04F79EFBC}") = "CarBook.Application", "Core\CarBook.Application\CarBook.Application.csproj", "{187BB09F-1FFB-4763-877C-173A56EB1E5E}"
EndProject
Global
	GlobalSection(SolutionConfigurationPlatforms) = preSolution
		Debug|Any CPU = Debug|Any CPU
		Release|Any CPU = Release|Any CPU
	EndGlobalSection
	GlobalSection(ProjectConfigurationPlatforms) = postSolution
		{C721009D-13AE-4C63-9EFD-8699E7923647}.Debug|Any CPU.ActiveCfg = Debug|Any CPU
		{C721009D-13AE-4C63-9EFD-8699E7923647}.Debug|Any CPU.Build.0 = Debug|Any CPU
		{C721009D-13AE-4C63-9EFD-8699E7923647}.Release|Any CPU.ActiveCfg = Release|Any CPU
		{C721009D-13AE-4C63-9EFD-8699E7923647}.Release|Any CPU.Build.0 = Release|Any CPU
		{187BB09F-1FFB-4763-877C-173A56EB1E5E}.Debug|Any CPU.ActiveCfg = Debug|Any CPU
		{187BB09F-1FFB-4763-877C-173A56EB1E5E}.Debug|Any CPU.Build.0 = Debug|Any CPU
		{187BB09F-1FFB-4763-877C-173A56EB1E5E}.Release|Any CPU.ActiveCfg = Release|Any CPU
		{187BB09F-1FFB-4763-877C-173A56EB1E5E}.Release|Any CPU.Build.0 = Release|Any CPU
	EndGlobalSection
	GlobalSection(SolutionProperties) = preSolution
		HideSolutionNode = FALSE
	EndGlobalSection
	GlobalSection(NestedProjects) = preSolution
		{C721009D-13AE-4C63-9EFD-8699E7923647} = {3D3DD815-E012-40EB-A0F3-0054615B317F}
		{187BB09F-1FFB-4763-877C-173A56EB1E5E} = {3D3DD815-E012-40EB-A0F3-0054615B317F}
	EndGlobalSection
	GlobalSection(ExtensibilityGlobals) = postSolution
		SolutionGuid = {45F19D15-65B1-444C-9300-F4BCBAA1CEA7}
	EndGlobalSection
EndGlobal
